
Microsoft Visual Studio Solution File, Format Version 12.00
# Visual Studio 14
VisualStudioVersion = 14.0.24720.0
MinimumVisualStudioVersion = 10.0.40219.1
Project("{2150E333-8FDC-42A3-9474-1A3956D46DE8}") = "Client", "Client", "{23290ADA-EEED-4636-8A12-942B84EFDA81}"
EndProject
Project("{2150E333-8FDC-42A3-9474-1A3956D46DE8}") = "Tool", "Tool", "{1AC00D25-92DA-4CE5-AADE-243AA83BA20F}"
EndProject
Project("{2150E333-8FDC-42A3-9474-1A3956D46DE8}") = "Engine", "Engine", "{24C3AC4F-7E5A-4FFF-B0E3-408F60DE3019}"
EndProject
Project("{2150E333-8FDC-42A3-9474-1A3956D46DE8}") = "00. System", "00. System", "{6B0C3356-39E2-4965-B400-4658F4748958}"
EndProject
Project("{2150E333-8FDC-42A3-9474-1A3956D46DE8}") = "01. Resource", "01. Resource", "{A9E30103-C808-4D97-808E-9EEC6448F78D}"
EndProject
Project("{2150E333-8FDC-42A3-9474-1A3956D46DE8}") = "02. Utility", "02. Utility", "{1CAAFAC9-2365-4A61-A1B0-E879DD63652C}"
EndProject
Project("{2150E333-8FDC-42A3-9474-1A3956D46DE8}") = "98. Headers", "98. Headers", "{9BF17ACB-FDD1-4E07-80D1-2B814981A40B}"
	ProjectSection(SolutionItems) = preProject
		Engine\Headers\Engine_Defines.h = Engine\Headers\Engine_Defines.h
		Engine\Headers\Engine_Enum.h = Engine\Headers\Engine_Enum.h
		Engine\Headers\Engine_Function.h = Engine\Headers\Engine_Function.h
		Engine\Headers\Engine_Functor.h = Engine\Headers\Engine_Functor.h
		Engine\Headers\Engine_Macro.h = Engine\Headers\Engine_Macro.h
		Engine\Headers\Engine_Struct.h = Engine\Headers\Engine_Struct.h
		Engine\Headers\Engine_Typedef.h = Engine\Headers\Engine_Typedef.h
	EndProjectSection
EndProject
Project("{2150E333-8FDC-42A3-9474-1A3956D46DE8}") = "99. Exports", "99. Exports", "{0D499BDC-31A6-425B-A702-1FF7FE101F5D}"
	ProjectSection(SolutionItems) = preProject
		Engine\Export\Export_Function.h = Engine\Export\Export_Function.h
	EndProjectSection
EndProject
Project("{8BC9CEB8-8B4A-11D0-8D11-00A0C91BC942}") = "Client", "Client\Default\Client.vcxproj", "{B5829DCC-E800-4030-BA11-CE8C6B1F0CD9}"
EndProject
Project("{8BC9CEB8-8B4A-11D0-8D11-00A0C91BC942}") = "System", "Engine\System\Default\System.vcxproj", "{76E9BAA1-5C58-47D2-A254-86BB0010102D}"
EndProject
Project("{8BC9CEB8-8B4A-11D0-8D11-00A0C91BC942}") = "Resource", "Engine\Resource\Default\Resource.vcxproj", "{A60F0BC7-623D-4D2C-A286-A63B5590043D}"
EndProject
Project("{8BC9CEB8-8B4A-11D0-8D11-00A0C91BC942}") = "Utility", "Engine\Utility\Default\Utility.vcxproj", "{AA0A1694-739E-42A8-ADF3-097CA58FF7E6}"
EndProject
Project("{8BC9CEB8-8B4A-11D0-8D11-00A0C91BC942}") = "MapTool", "Tool\MapTool\MapTool.vcxproj", "{9672EB4E-E28A-470A-AF5A-2C0ADC9BAA64}"
EndProject
Project("{8BC9CEB8-8B4A-11D0-8D11-00A0C91BC942}") = "AnimationTool", "Tool\AnimationTool\AnimationTool.vcxproj", "{BC8955D3-5B85-48E6-95D8-210DAC7E543A}"
EndProject
Project("{8BC9CEB8-8B4A-11D0-8D11-00A0C91BC942}") = "UITool", "Tool\UITool\UITool.vcxproj", "{942AE8AC-89FA-4C81-ACD0-93D1D9787966}"
EndProject
Project("{8BC9CEB8-8B4A-11D0-8D11-00A0C91BC942}") = "EffectTool", "Tool\EffectTool\EffectTool.vcxproj", "{9378FD00-094B-42B9-B5FF-4646D5E73948}"
EndProject
Project("{8BC9CEB8-8B4A-11D0-8D11-00A0C91BC942}") = "CameraTool", "Tool\CameraTool\CameraTool.vcxproj", "{B8EC7958-376B-4473-A3E9-DB5F570E327B}"
EndProject
Global
	GlobalSection(SolutionConfigurationPlatforms) = preSolution
		Debug|Win32 = Debug|Win32
		Release|Win32 = Release|Win32
	EndGlobalSection
	GlobalSection(ProjectConfigurationPlatforms) = postSolution
		{B5829DCC-E800-4030-BA11-CE8C6B1F0CD9}.Debug|Win32.ActiveCfg = Debug|Win32
		{B5829DCC-E800-4030-BA11-CE8C6B1F0CD9}.Debug|Win32.Build.0 = Debug|Win32
		{B5829DCC-E800-4030-BA11-CE8C6B1F0CD9}.Release|Win32.ActiveCfg = Release|Win32
		{B5829DCC-E800-4030-BA11-CE8C6B1F0CD9}.Release|Win32.Build.0 = Release|Win32
		{76E9BAA1-5C58-47D2-A254-86BB0010102D}.Debug|Win32.ActiveCfg = Debug|Win32
		{76E9BAA1-5C58-47D2-A254-86BB0010102D}.Debug|Win32.Build.0 = Debug|Win32
		{76E9BAA1-5C58-47D2-A254-86BB0010102D}.Release|Win32.ActiveCfg = Release|Win32
		{76E9BAA1-5C58-47D2-A254-86BB0010102D}.Release|Win32.Build.0 = Release|Win32
		{A60F0BC7-623D-4D2C-A286-A63B5590043D}.Debug|Win32.ActiveCfg = Debug|Win32
		{A60F0BC7-623D-4D2C-A286-A63B5590043D}.Debug|Win32.Build.0 = Debug|Win32
		{A60F0BC7-623D-4D2C-A286-A63B5590043D}.Release|Win32.ActiveCfg = Release|Win32
		{A60F0BC7-623D-4D2C-A286-A63B5590043D}.Release|Win32.Build.0 = Release|Win32
		{AA0A1694-739E-42A8-ADF3-097CA58FF7E6}.Debug|Win32.ActiveCfg = Debug|Win32
		{AA0A1694-739E-42A8-ADF3-097CA58FF7E6}.Debug|Win32.Build.0 = Debug|Win32
		{AA0A1694-739E-42A8-ADF3-097CA58FF7E6}.Release|Win32.ActiveCfg = Release|Win32
		{AA0A1694-739E-42A8-ADF3-097CA58FF7E6}.Release|Win32.Build.0 = Release|Win32
		{9672EB4E-E28A-470A-AF5A-2C0ADC9BAA64}.Debug|Win32.ActiveCfg = Debug|Win32
		{9672EB4E-E28A-470A-AF5A-2C0ADC9BAA64}.Debug|Win32.Build.0 = Debug|Win32
		{9672EB4E-E28A-470A-AF5A-2C0ADC9BAA64}.Release|Win32.ActiveCfg = Release|Win32
		{9672EB4E-E28A-470A-AF5A-2C0ADC9BAA64}.Release|Win32.Build.0 = Release|Win32
		{BC8955D3-5B85-48E6-95D8-210DAC7E543A}.Debug|Win32.ActiveCfg = Debug|Win32
		{BC8955D3-5B85-48E6-95D8-210DAC7E543A}.Debug|Win32.Build.0 = Debug|Win32
		{BC8955D3-5B85-48E6-95D8-210DAC7E543A}.Release|Win32.ActiveCfg = Release|Win32
		{BC8955D3-5B85-48E6-95D8-210DAC7E543A}.Release|Win32.Build.0 = Release|Win32
		{942AE8AC-89FA-4C81-ACD0-93D1D9787966}.Debug|Win32.ActiveCfg = Debug|Win32
		{942AE8AC-89FA-4C81-ACD0-93D1D9787966}.Debug|Win32.Build.0 = Debug|Win32
		{942AE8AC-89FA-4C81-ACD0-93D1D9787966}.Release|Win32.ActiveCfg = Release|Win32
		{942AE8AC-89FA-4C81-ACD0-93D1D9787966}.Release|Win32.Build.0 = Release|Win32
		{9378FD00-094B-42B9-B5FF-4646D5E73948}.Debug|Win32.ActiveCfg = Debug|Win32
		{9378FD00-094B-42B9-B5FF-4646D5E73948}.Debug|Win32.Build.0 = Debug|Win32
		{9378FD00-094B-42B9-B5FF-4646D5E73948}.Release|Win32.ActiveCfg = Release|Win32
		{9378FD00-094B-42B9-B5FF-4646D5E73948}.Release|Win32.Build.0 = Release|Win32
		{B8EC7958-376B-4473-A3E9-DB5F570E327B}.Debug|Win32.ActiveCfg = Debug|Win32
		{B8EC7958-376B-4473-A3E9-DB5F570E327B}.Debug|Win32.Build.0 = Debug|Win32
		{B8EC7958-376B-4473-A3E9-DB5F570E327B}.Release|Win32.ActiveCfg = Release|Win32
		{B8EC7958-376B-4473-A3E9-DB5F570E327B}.Release|Win32.Build.0 = Release|Win32
	EndGlobalSection
	GlobalSection(SolutionProperties) = preSolution
		HideSolutionNode = FALSE
	EndGlobalSection
	GlobalSection(NestedProjects) = preSolution
		{6B0C3356-39E2-4965-B400-4658F4748958} = {24C3AC4F-7E5A-4FFF-B0E3-408F60DE3019}
		{A9E30103-C808-4D97-808E-9EEC6448F78D} = {24C3AC4F-7E5A-4FFF-B0E3-408F60DE3019}
		{1CAAFAC9-2365-4A61-A1B0-E879DD63652C} = {24C3AC4F-7E5A-4FFF-B0E3-408F60DE3019}
		{9BF17ACB-FDD1-4E07-80D1-2B814981A40B} = {24C3AC4F-7E5A-4FFF-B0E3-408F60DE3019}
		{0D499BDC-31A6-425B-A702-1FF7FE101F5D} = {24C3AC4F-7E5A-4FFF-B0E3-408F60DE3019}
		{B5829DCC-E800-4030-BA11-CE8C6B1F0CD9} = {23290ADA-EEED-4636-8A12-942B84EFDA81}
		{76E9BAA1-5C58-47D2-A254-86BB0010102D} = {6B0C3356-39E2-4965-B400-4658F4748958}
		{A60F0BC7-623D-4D2C-A286-A63B5590043D} = {A9E30103-C808-4D97-808E-9EEC6448F78D}
		{AA0A1694-739E-42A8-ADF3-097CA58FF7E6} = {1CAAFAC9-2365-4A61-A1B0-E879DD63652C}
		{9672EB4E-E28A-470A-AF5A-2C0ADC9BAA64} = {1AC00D25-92DA-4CE5-AADE-243AA83BA20F}
		{BC8955D3-5B85-48E6-95D8-210DAC7E543A} = {1AC00D25-92DA-4CE5-AADE-243AA83BA20F}
		{942AE8AC-89FA-4C81-ACD0-93D1D9787966} = {1AC00D25-92DA-4CE5-AADE-243AA83BA20F}
		{9378FD00-094B-42B9-B5FF-4646D5E73948} = {1AC00D25-92DA-4CE5-AADE-243AA83BA20F}
		{B8EC7958-376B-4473-A3E9-DB5F570E327B} = {1AC00D25-92DA-4CE5-AADE-243AA83BA20F}
	EndGlobalSection
EndGlobal
